// !$*UTF8*$!
{
	archiveVersion = 1;
	classes = {
	};
	objectVersion = 50;
	objects = {

/* Begin PBXBuildFile section */
		4085CC1F23EF1BF10000FE24 /* AppDelegate.swift in Sources */ = {isa = PBXBuildFile; fileRef = 4085CC1E23EF1BF10000FE24 /* AppDelegate.swift */; };
		4085CC2123EF1BF10000FE24 /* SceneDelegate.swift in Sources */ = {isa = PBXBuildFile; fileRef = 4085CC2023EF1BF10000FE24 /* SceneDelegate.swift */; };
		4085CC2323EF1BF10000FE24 /* ViewController.swift in Sources */ = {isa = PBXBuildFile; fileRef = 4085CC2223EF1BF10000FE24 /* ViewController.swift */; };
		4085CC2623EF1BF10000FE24 /* Main.storyboard in Resources */ = {isa = PBXBuildFile; fileRef = 4085CC2423EF1BF10000FE24 /* Main.storyboard */; };
		4085CC2923EF1BF10000FE24 /* GitTest.xcdatamodeld in Sources */ = {isa = PBXBuildFile; fileRef = 4085CC2723EF1BF10000FE24 /* GitTest.xcdatamodeld */; };
		4085CC2B23EF1BF30000FE24 /* Assets.xcassets in Resources */ = {isa = PBXBuildFile; fileRef = 4085CC2A23EF1BF30000FE24 /* Assets.xcassets */; };
		4085CC2E23EF1BF30000FE24 /* LaunchScreen.storyboard in Resources */ = {isa = PBXBuildFile; fileRef = 4085CC2C23EF1BF30000FE24 /* LaunchScreen.storyboard */; };
		4085CC3923EF1BF40000FE24 /* GitTestTests.swift in Sources */ = {isa = PBXBuildFile; fileRef = 4085CC3823EF1BF40000FE24 /* GitTestTests.swift */; };
		4085CC4423EF1BF40000FE24 /* GitTestUITests.swift in Sources */ = {isa = PBXBuildFile; fileRef = 4085CC4323EF1BF40000FE24 /* GitTestUITests.swift */; };
/* End PBXBuildFile section */

/* Begin PBXContainerItemProxy section */
		4085CC3523EF1BF40000FE24 /* PBXContainerItemProxy */ = {
			isa = PBXContainerItemProxy;
			containerPortal = 4085CC1323EF1BF10000FE24 /* Project object */;
			proxyType = 1;
			remoteGlobalIDString = 4085CC1A23EF1BF10000FE24;
			remoteInfo = GitTest;
		};
		4085CC4023EF1BF40000FE24 /* PBXContainerItemProxy */ = {
			isa = PBXContainerItemProxy;
			containerPortal = 4085CC1323EF1BF10000FE24 /* Project object */;
			proxyType = 1;
			remoteGlobalIDString = 4085CC1A23EF1BF10000FE24;
			remoteInfo = GitTest;
		};
/* End PBXContainerItemProxy section */

/* Begin PBXFileReference section */
		4085CC1B23EF1BF10000FE24 /* GitTest.app */ = {isa = PBXFileReference; explicitFileType = wrapper.application; includeInIndex = 0; path = GitTest.app; sourceTree = BUILT_PRODUCTS_DIR; };
		4085CC1E23EF1BF10000FE24 /* AppDelegate.swift */ = {isa = PBXFileReference; lastKnownFileType = sourcecode.swift; path = AppDelegate.swift; sourceTree = "<group>"; };
		4085CC2023EF1BF10000FE24 /* SceneDelegate.swift */ = {isa = PBXFileReference; lastKnownFileType = sourcecode.swift; path = SceneDelegate.swift; sourceTree = "<group>"; };
		4085CC2223EF1BF10000FE24 /* ViewController.swift */ = {isa = PBXFileReference; lastKnownFileType = sourcecode.swift; path = ViewController.swift; sourceTree = "<group>"; };
		4085CC2523EF1BF10000FE24 /* Base */ = {isa = PBXFileReference; lastKnownFileType = file.storyboard; name = Base; path = Base.lproj/Main.storyboard; sourceTree = "<group>"; };
		4085CC2823EF1BF10000FE24 /* GitTest.xcdatamodel */ = {isa = PBXFileReference; lastKnownFileType = wrapper.xcdatamodel; path = GitTest.xcdatamodel; sourceTree = "<group>"; };
		4085CC2A23EF1BF30000FE24 /* Assets.xcassets */ = {isa = PBXFileReference; lastKnownFileType = folder.assetcatalog; path = Assets.xcassets; sourceTree = "<group>"; };
		4085CC2D23EF1BF30000FE24 /* Base */ = {isa = PBXFileReference; lastKnownFileType = file.storyboard; name = Base; path = Base.lproj/LaunchScreen.storyboard; sourceTree = "<group>"; };
		4085CC2F23EF1BF30000FE24 /* Info.plist */ = {isa = PBXFileReference; lastKnownFileType = text.plist.xml; path = Info.plist; sourceTree = "<group>"; };
		4085CC3423EF1BF40000FE24 /* GitTestTests.xctest */ = {isa = PBXFileReference; explicitFileType = wrapper.cfbundle; includeInIndex = 0; path = GitTestTests.xctest; sourceTree = BUILT_PRODUCTS_DIR; };
		4085CC3823EF1BF40000FE24 /* GitTestTests.swift */ = {isa = PBXFileReference; lastKnownFileType = sourcecode.swift; path = GitTestTests.swift; sourceTree = "<group>"; };
		4085CC3A23EF1BF40000FE24 /* Info.plist */ = {isa = PBXFileReference; lastKnownFileType = text.plist.xml; path = Info.plist; sourceTree = "<group>"; };
		4085CC3F23EF1BF40000FE24 /* GitTestUITests.xctest */ = {isa = PBXFileReference; explicitFileType = wrapper.cfbundle; includeInIndex = 0; path = GitTestUITests.xctest; sourceTree = BUILT_PRODUCTS_DIR; };
		4085CC4323EF1BF40000FE24 /* GitTestUITests.swift */ = {isa = PBXFileReference; lastKnownFileType = sourcecode.swift; path = GitTestUITests.swift; sourceTree = "<group>"; };
		4085CC4523EF1BF40000FE24 /* Info.plist */ = {isa = PBXFileReference; lastKnownFileType = text.plist.xml; path = Info.plist; sourceTree = "<group>"; };
/* End PBXFileReference section */

/* Begin PBXFrameworksBuildPhase section */
		4085CC1823EF1BF10000FE24 /* Frameworks */ = {
			isa = PBXFrameworksBuildPhase;
			buildActionMask = 2147483647;
			files = (
			);
			runOnlyForDeploymentPostprocessing = 0;
		};
		4085CC3123EF1BF40000FE24 /* Frameworks */ = {
			isa = PBXFrameworksBuildPhase;
			buildActionMask = 2147483647;
			files = (
			);
			runOnlyForDeploymentPostprocessing = 0;
		};
		4085CC3C23EF1BF40000FE24 /* Frameworks */ = {
			isa = PBXFrameworksBuildPhase;
			buildActionMask = 2147483647;
			files = (
			);
			runOnlyForDeploymentPostprocessing = 0;
		};
/* End PBXFrameworksBuildPhase section */

/* Begin PBXGroup section */
		4085CC1223EF1BF10000FE24 = {
			isa = PBXGroup;
			children = (
				4085CC1D23EF1BF10000FE24 /* GitTest */,
				4085CC3723EF1BF40000FE24 /* GitTestTests */,
				4085CC4223EF1BF40000FE24 /* GitTestUITests */,
				4085CC1C23EF1BF10000FE24 /* Products */,
			);
			sourceTree = "<group>";
		};
		4085CC1C23EF1BF10000FE24 /* Products */ = {
			isa = PBXGroup;
			children = (
				4085CC1B23EF1BF10000FE24 /* GitTest.app */,
				4085CC3423EF1BF40000FE24 /* GitTestTests.xctest */,
				4085CC3F23EF1BF40000FE24 /* GitTestUITests.xctest */,
			);
			name = Products;
			sourceTree = "<group>";
		};
		4085CC1D23EF1BF10000FE24 /* GitTest */ = {
			isa = PBXGroup;
			children = (
				4085CC1E23EF1BF10000FE24 /* AppDelegate.swift */,
				4085CC2023EF1BF10000FE24 /* SceneDelegate.swift */,
				4085CC2223EF1BF10000FE24 /* ViewController.swift */,
				4085CC2423EF1BF10000FE24 /* Main.storyboard */,
				4085CC2A23EF1BF30000FE24 /* Assets.xcassets */,
				4085CC2C23EF1BF30000FE24 /* LaunchScreen.storyboard */,
				4085CC2F23EF1BF30000FE24 /* Info.plist */,
				4085CC2723EF1BF10000FE24 /* GitTest.xcdatamodeld */,
			);
			path = GitTest;
			sourceTree = "<group>";
		};
		4085CC3723EF1BF40000FE24 /* GitTestTests */ = {
			isa = PBXGroup;
			children = (
				4085CC3823EF1BF40000FE24 /* GitTestTests.swift */,
				4085CC3A23EF1BF40000FE24 /* Info.plist */,
			);
			path = GitTestTests;
			sourceTree = "<group>";
		};
		4085CC4223EF1BF40000FE24 /* GitTestUITests */ = {
			isa = PBXGroup;
			children = (
				4085CC4323EF1BF40000FE24 /* GitTestUITests.swift */,
				4085CC4523EF1BF40000FE24 /* Info.plist */,
			);
			path = GitTestUITests;
			sourceTree = "<group>";
		};
/* End PBXGroup section */

/* Begin PBXNativeTarget section */
		4085CC1A23EF1BF10000FE24 /* GitTest */ = {
			isa = PBXNativeTarget;
			buildConfigurationList = 4085CC4823EF1BF40000FE24 /* Build configuration list for PBXNativeTarget "GitTest" */;
			buildPhases = (
				4085CC1723EF1BF10000FE24 /* Sources */,
				4085CC1823EF1BF10000FE24 /* Frameworks */,
				4085CC1923EF1BF10000FE24 /* Resources */,
			);
			buildRules = (
			);
			dependencies = (
			);
			name = GitTest;
			productName = GitTest;
			productReference = 4085CC1B23EF1BF10000FE24 /* GitTest.app */;
			productType = "com.apple.product-type.application";
		};
		4085CC3323EF1BF40000FE24 /* GitTestTests */ = {
			isa = PBXNativeTarget;
			buildConfigurationList = 4085CC4B23EF1BF40000FE24 /* Build configuration list for PBXNativeTarget "GitTestTests" */;
			buildPhases = (
				4085CC3023EF1BF40000FE24 /* Sources */,
				4085CC3123EF1BF40000FE24 /* Frameworks */,
				4085CC3223EF1BF40000FE24 /* Resources */,
			);
			buildRules = (
			);
			dependencies = (
				4085CC3623EF1BF40000FE24 /* PBXTargetDependency */,
			);
			name = GitTestTests;
			productName = GitTestTests;
			productReference = 4085CC3423EF1BF40000FE24 /* GitTestTests.xctest */;
			productType = "com.apple.product-type.bundle.unit-test";
		};
		4085CC3E23EF1BF40000FE24 /* GitTestUITests */ = {
			isa = PBXNativeTarget;
			buildConfigurationList = 4085CC4E23EF1BF40000FE24 /* Build configuration list for PBXNativeTarget "GitTestUITests" */;
			buildPhases = (
				4085CC3B23EF1BF40000FE24 /* Sources */,
				4085CC3C23EF1BF40000FE24 /* Frameworks */,
				4085CC3D23EF1BF40000FE24 /* Resources */,
			);
			buildRules = (
			);
			dependencies = (
				4085CC4123EF1BF40000FE24 /* PBXTargetDependency */,
			);
			name = GitTestUITests;
			productName = GitTestUITests;
			productReference = 4085CC3F23EF1BF40000FE24 /* GitTestUITests.xctest */;
			productType = "com.apple.product-type.bundle.ui-testing";
		};
/* End PBXNativeTarget section */

/* Begin PBXProject section */
		4085CC1323EF1BF10000FE24 /* Project object */ = {
			isa = PBXProject;
			attributes = {
				LastSwiftUpdateCheck = 1130;
				LastUpgradeCheck = 1130;
				ORGANIZATIONNAME = mcda;
				TargetAttributes = {
					4085CC1A23EF1BF10000FE24 = {
						CreatedOnToolsVersion = 11.3.1;
					};
					4085CC3323EF1BF40000FE24 = {
						CreatedOnToolsVersion = 11.3.1;
						TestTargetID = 4085CC1A23EF1BF10000FE24;
					};
					4085CC3E23EF1BF40000FE24 = {
						CreatedOnToolsVersion = 11.3.1;
						TestTargetID = 4085CC1A23EF1BF10000FE24;
					};
				};
			};
			buildConfigurationList = 4085CC1623EF1BF10000FE24 /* Build configuration list for PBXProject "GitTest" */;
			compatibilityVersion = "Xcode 9.3";
			developmentRegion = en;
			hasScannedForEncodings = 0;
			knownRegions = (
				en,
				Base,
			);
			mainGroup = 4085CC1223EF1BF10000FE24;
			productRefGroup = 4085CC1C23EF1BF10000FE24 /* Products */;
			projectDirPath = "";
			projectRoot = "";
			targets = (
				4085CC1A23EF1BF10000FE24 /* GitTest */,
				4085CC3323EF1BF40000FE24 /* GitTestTests */,
				4085CC3E23EF1BF40000FE24 /* GitTestUITests */,
			);
		};
/* End PBXProject section */

/* Begin PBXResourcesBuildPhase section */
		4085CC1923EF1BF10000FE24 /* Resources */ = {
			isa = PBXResourcesBuildPhase;
			buildActionMask = 2147483647;
			files = (
				4085CC2E23EF1BF30000FE24 /* LaunchScreen.storyboard in Resources */,
				4085CC2B23EF1BF30000FE24 /* Assets.xcassets in Resources */,
				4085CC2623EF1BF10000FE24 /* Main.storyboard in Resources */,
			);
			runOnlyForDeploymentPostprocessing = 0;
		};
		4085CC3223EF1BF40000FE24 /* Resources */ = {
			isa = PBXResourcesBuildPhase;
			buildActionMask = 2147483647;
			files = (
			);
			runOnlyForDeploymentPostprocessing = 0;
		};
		4085CC3D23EF1BF40000FE24 /* Resources */ = {
			isa = PBXResourcesBuildPhase;
			buildActionMask = 2147483647;
			files = (
			);
			runOnlyForDeploymentPostprocessing = 0;
		};
/* End PBXResourcesBuildPhase section */

/* Begin PBXSourcesBuildPhase section */
		4085CC1723EF1BF10000FE24 /* Sources */ = {
			isa = PBXSourcesBuildPhase;
			buildActionMask = 2147483647;
			files = (
				4085CC2923EF1BF10000FE24 /* GitTest.xcdatamodeld in Sources */,
				4085CC2323EF1BF10000FE24 /* ViewController.swift in Sources */,
				4085CC1F23EF1BF10000FE24 /* AppDelegate.swift in Sources */,
				4085CC2123EF1BF10000FE24 /* SceneDelegate.swift in Sources */,
			);
			runOnlyForDeploymentPostprocessing = 0;
		};
		4085CC3023EF1BF40000FE24 /* Sources */ = {
			isa = PBXSourcesBuildPhase;
			buildActionMask = 2147483647;
			files = (
				4085CC3923EF1BF40000FE24 /* GitTestTests.swift in Sources */,
			);
			runOnlyForDeploymentPostprocessing = 0;
		};
		4085CC3B23EF1BF40000FE24 /* Sources */ = {
			isa = PBXSourcesBuildPhase;
			buildActionMask = 2147483647;
			files = (
				4085CC4423EF1BF40000FE24 /* GitTestUITests.swift in Sources */,
			);
			runOnlyForDeploymentPostprocessing = 0;
		};
/* End PBXSourcesBuildPhase section */

/* Begin PBXTargetDependency section */
		4085CC3623EF1BF40000FE24 /* PBXTargetDependency */ = {
			isa = PBXTargetDependency;
			target = 4085CC1A23EF1BF10000FE24 /* GitTest */;
			targetProxy = 4085CC3523EF1BF40000FE24 /* PBXContainerItemProxy */;
		};
		4085CC4123EF1BF40000FE24 /* PBXTargetDependency */ = {
			isa = PBXTargetDependency;
			target = 4085CC1A23EF1BF10000FE24 /* GitTest */;
			targetProxy = 4085CC4023EF1BF40000FE24 /* PBXContainerItemProxy */;
		};
/* End PBXTargetDependency section */

/* Begin PBXVariantGroup section */
		4085CC2423EF1BF10000FE24 /* Main.storyboard */ = {
			isa = PBXVariantGroup;
			children = (
				4085CC2523EF1BF10000FE24 /* Base */,
			);
			name = Main.storyboard;
			sourceTree = "<group>";
		};
		4085CC2C23EF1BF30000FE24 /* LaunchScreen.storyboard */ = {
			isa = PBXVariantGroup;
			children = (
				4085CC2D23EF1BF30000FE24 /* Base */,
			);
			name = LaunchScreen.storyboard;
			sourceTree = "<group>";
		};
/* End PBXVariantGroup section */

/* Begin XCBuildConfiguration section */
		4085CC4623EF1BF40000FE24 /* Debug */ = {
			isa = XCBuildConfiguration;
			buildSettings = {
				ALWAYS_SEARCH_USER_PATHS = NO;
				CLANG_ANALYZER_NONNULL = YES;
				CLANG_ANALYZER_NUMBER_OBJECT_CONVERSION = YES_AGGRESSIVE;
				CLANG_CXX_LANGUAGE_STANDARD = "gnu++14";
				CLANG_CXX_LIBRARY = "libc++";
				CLANG_ENABLE_MODULES = YES;
				CLANG_ENABLE_OBJC_ARC = YES;
				CLANG_ENABLE_OBJC_WEAK = YES;
				CLANG_WARN_BLOCK_CAPTURE_AUTORELEASING = YES;
				CLANG_WARN_BOOL_CONVERSION = YES;
				CLANG_WARN_COMMA = YES;
				CLANG_WARN_CONSTANT_CONVERSION = YES;
				CLANG_WARN_DEPRECATED_OBJC_IMPLEMENTATIONS = YES;
				CLANG_WARN_DIRECT_OBJC_ISA_USAGE = YES_ERROR;
				CLANG_WARN_DOCUMENTATION_COMMENTS = YES;
				CLANG_WARN_EMPTY_BODY = YES;
				CLANG_WARN_ENUM_CONVERSION = YES;
				CLANG_WARN_INFINITE_RECURSION = YES;
				CLANG_WARN_INT_CONVERSION = YES;
				CLANG_WARN_NON_LITERAL_NULL_CONVERSION = YES;
				CLANG_WARN_OBJC_IMPLICIT_RETAIN_SELF = YES;
				CLANG_WARN_OBJC_LITERAL_CONVERSION = YES;
				CLANG_WARN_OBJC_ROOT_CLASS = YES_ERROR;
				CLANG_WARN_RANGE_LOOP_ANALYSIS = YES;
				CLANG_WARN_STRICT_PROTOTYPES = YES;
				CLANG_WARN_SUSPICIOUS_MOVE = YES;
				CLANG_WARN_UNGUARDED_AVAILABILITY = YES_AGGRESSIVE;
				CLANG_WARN_UNREACHABLE_CODE = YES;
				CLANG_WARN__DUPLICATE_METHOD_MATCH = YES;
				COPY_PHASE_STRIP = NO;
				DEBUG_INFORMATION_FORMAT = dwarf;
				ENABLE_STRICT_OBJC_MSGSEND = YES;
				ENABLE_TESTABILITY = YES;
				GCC_C_LANGUAGE_STANDARD = gnu11;
				GCC_DYNAMIC_NO_PIC = NO;
				GCC_NO_COMMON_BLOCKS = YES;
				GCC_OPTIMIZATION_LEVEL = 0;
				GCC_PREPROCESSOR_DEFINITIONS = (
					"DEBUG=1",
					"$(inherited)",
				);
				GCC_WARN_64_TO_32_BIT_CONVERSION = YES;
				GCC_WARN_ABOUT_RETURN_TYPE = YES_ERROR;
				GCC_WARN_UNDECLARED_SELECTOR = YES;
				GCC_WARN_UNINITIALIZED_AUTOS = YES_AGGRESSIVE;
				GCC_WARN_UNUSED_FUNCTION = YES;
				GCC_WARN_UNUSED_VARIABLE = YES;
				IPHONEOS_DEPLOYMENT_TARGET = 13.2;
				MTL_ENABLE_DEBUG_INFO = INCLUDE_SOURCE;
				MTL_FAST_MATH = YES;
				ONLY_ACTIVE_ARCH = YES;
				SDKROOT = iphoneos;
				SWIFT_ACTIVE_COMPILATION_CONDITIONS = DEBUG;
				SWIFT_OPTIMIZATION_LEVEL = "-Onone";
			};
			name = Debug;
		};
		4085CC4723EF1BF40000FE24 /* Release */ = {
			isa = XCBuildConfiguration;
			buildSettings = {
				ALWAYS_SEARCH_USER_PATHS = NO;
				CLANG_ANALYZER_NONNULL = YES;
				CLANG_ANALYZER_NUMBER_OBJECT_CONVERSION = YES_AGGRESSIVE;
				CLANG_CXX_LANGUAGE_STANDARD = "gnu++14";
				CLANG_CXX_LIBRARY = "libc++";
				CLANG_ENABLE_MODULES = YES;
				CLANG_ENABLE_OBJC_ARC = YES;
				CLANG_ENABLE_OBJC_WEAK = YES;
				CLANG_WARN_BLOCK_CAPTURE_AUTORELEASING = YES;
				CLANG_WARN_BOOL_CONVERSION = YES;
				CLANG_WARN_COMMA = YES;
				CLANG_WARN_CONSTANT_CONVERSION = YES;
				CLANG_WARN_DEPRECATED_OBJC_IMPLEMENTATIONS = YES;
				CLANG_WARN_DIRECT_OBJC_ISA_USAGE = YES_ERROR;
				CLANG_WARN_DOCUMENTATION_COMMENTS = YES;
				CLANG_WARN_EMPTY_BODY = YES;
				CLANG_WARN_ENUM_CONVERSION = YES;
				CLANG_WARN_INFINITE_RECURSION = YES;
				CLANG_WARN_INT_CONVERSION = YES;
				CLANG_WARN_NON_LITERAL_NULL_CONVERSION = YES;
				CLANG_WARN_OBJC_IMPLICIT_RETAIN_SELF = YES;
				CLANG_WARN_OBJC_LITERAL_CONVERSION = YES;
				CLANG_WARN_OBJC_ROOT_CLASS = YES_ERROR;
				CLANG_WARN_RANGE_LOOP_ANALYSIS = YES;
				CLANG_WARN_STRICT_PROTOTYPES = YES;
				CLANG_WARN_SUSPICIOUS_MOVE = YES;
				CLANG_WARN_UNGUARDED_AVAILABILITY = YES_AGGRESSIVE;
				CLANG_WARN_UNREACHABLE_CODE = YES;
				CLANG_WARN__DUPLICATE_METHOD_MATCH = YES;
				COPY_PHASE_STRIP = NO;
				DEBUG_INFORMATION_FORMAT = "dwarf-with-dsym";
				ENABLE_NS_ASSERTIONS = NO;
				ENABLE_STRICT_OBJC_MSGSEND = YES;
				GCC_C_LANGUAGE_STANDARD = gnu11;
				GCC_NO_COMMON_BLOCKS = YES;
				GCC_WARN_64_TO_32_BIT_CONVERSION = YES;
				GCC_WARN_ABOUT_RETURN_TYPE = YES_ERROR;
				GCC_WARN_UNDECLARED_SELECTOR = YES;
				GCC_WARN_UNINITIALIZED_AUTOS = YES_AGGRESSIVE;
				GCC_WARN_UNUSED_FUNCTION = YES;
				GCC_WARN_UNUSED_VARIABLE = YES;
				IPHONEOS_DEPLOYMENT_TARGET = 13.2;
				MTL_ENABLE_DEBUG_INFO = NO;
				MTL_FAST_MATH = YES;
				SDKROOT = iphoneos;
				SWIFT_COMPILATION_MODE = wholemodule;
				SWIFT_OPTIMIZATION_LEVEL = "-O";
				VALIDATE_PRODUCT = YES;
			};
			name = Release;
		};
		4085CC4923EF1BF40000FE24 /* Debug */ = {
			isa = XCBuildConfiguration;
			buildSettings = {
				ASSETCATALOG_COMPILER_APPICON_NAME = AppIcon;
				CODE_SIGN_STYLE = Automatic;
				INFOPLIST_FILE = GitTest/Info.plist;
				LD_RUNPATH_SEARCH_PATHS = (
					"$(inherited)",
					"@executable_path/Frameworks",
				);
				PRODUCT_BUNDLE_IDENTIFIER = com.MCDA.GitTest;
				PRODUCT_NAME = "$(TARGET_NAME)";
				SWIFT_VERSION = 5.0;
				TARGETED_DEVICE_FAMILY = "1,2";
			};
			name = Debug;
		};
		4085CC4A23EF1BF40000FE24 /* Release */ = {
			isa = XCBuildConfiguration;
			buildSettings = {
				ASSETCATALOG_COMPILER_APPICON_NAME = AppIcon;
				CODE_SIGN_STYLE = Automatic;
				INFOPLIST_FILE = GitTest/Info.plist;
				LD_RUNPATH_SEARCH_PATHS = (
					"$(inherited)",
					"@executable_path/Frameworks",
				);
				PRODUCT_BUNDLE_IDENTIFIER = com.MCDA.GitTest;
				PRODUCT_NAME = "$(TARGET_NAME)";
				SWIFT_VERSION = 5.0;
				TARGETED_DEVICE_FAMILY = "1,2";
			};
			name = Release;
		};
		4085CC4C23EF1BF40000FE24 /* Debug */ = {
			isa = XCBuildConfiguration;
			buildSettings = {
				ALWAYS_EMBED_SWIFT_STANDARD_LIBRARIES = YES;
				BUNDLE_LOADER = "$(TEST_HOST)";
				CODE_SIGN_STYLE = Automatic;
				INFOPLIST_FILE = GitTestTests/Info.plist;
				IPHONEOS_DEPLOYMENT_TARGET = 13.2;
				LD_RUNPATH_SEARCH_PATHS = (
					"$(inherited)",
					"@executable_path/Frameworks",
					"@loader_path/Frameworks",
				);
				PRODUCT_BUNDLE_IDENTIFIER = com.MCDA.GitTestTests;
				PRODUCT_NAME = "$(TARGET_NAME)";
				SWIFT_VERSION = 5.0;
				TARGETED_DEVICE_FAMILY = "1,2";
				TEST_HOST = "$(BUILT_PRODUCTS_DIR)/GitTest.app/GitTest";
			};
			name = Debug;
		};
		4085CC4D23EF1BF40000FE24 /* Release */ = {
			isa = XCBuildConfiguration;
			buildSettings = {
				ALWAYS_EMBED_SWIFT_STANDARD_LIBRARIES = YES;
				BUNDLE_LOADER = "$(TEST_HOST)";
				CODE_SIGN_STYLE = Automatic;
				INFOPLIST_FILE = GitTestTests/Info.plist;
				IPHONEOS_DEPLOYMENT_TARGET = 13.2;
				LD_RUNPATH_SEARCH_PATHS = (
					"$(inherited)",
					"@executable_path/Frameworks",
					"@loader_path/Frameworks",
				);
				PRODUCT_BUNDLE_IDENTIFIER = com.MCDA.GitTestTests;
				PRODUCT_NAME = "$(TARGET_NAME)";
				SWIFT_VERSION = 5.0;
				TARGETED_DEVICE_FAMILY = "1,2";
				TEST_HOST = "$(BUILT_PRODUCTS_DIR)/GitTest.app/GitTest";
			};
			name = Release;
		};
		4085CC4F23EF1BF40000FE24 /* Debug */ = {
			isa = XCBuildConfiguration;
			buildSettings = {
				ALWAYS_EMBED_SWIFT_STANDARD_LIBRARIES = YES;
				CODE_SIGN_STYLE = Automatic;
				INFOPLIST_FILE = GitTestUITests/Info.plist;
				LD_RUNPATH_SEARCH_PATHS = (
					"$(inherited)",
					"@executable_path/Frameworks",
					"@loader_path/Frameworks",
				);
				PRODUCT_BUNDLE_IDENTIFIER = com.MCDA.GitTestUITests;
				PRODUCT_NAME = "$(TARGET_NAME)";
				SWIFT_VERSION = 5.0;
				TARGETED_DEVICE_FAMILY = "1,2";
				TEST_TARGET_NAME = GitTest;
			};
			name = Debug;
		};
		4085CC5023EF1BF40000FE24 /* Release */ = {
			isa = XCBuildConfiguration;
			buildSettings = {
				ALWAYS_EMBED_SWIFT_STANDARD_LIBRARIES = YES;
				CODE_SIGN_STYLE = Automatic;
				INFOPLIST_FILE = GitTestUITests/Info.plist;
				LD_RUNPATH_SEARCH_PATHS = (
					"$(inherited)",
					"@executable_path/Frameworks",
					"@loader_path/Frameworks",
				);
				PRODUCT_BUNDLE_IDENTIFIER = com.MCDA.GitTestUITests;
				PRODUCT_NAME = "$(TARGET_NAME)";
				SWIFT_VERSION = 5.0;
				TARGETED_DEVICE_FAMILY = "1,2";
				TEST_TARGET_NAME = GitTest;
			};
			name = Release;
		};
/* End XCBuildConfiguration section */

/* Begin XCConfigurationList section */
		4085CC1623EF1BF10000FE24 /* Build configuration list for PBXProject "GitTest" */ = {
			isa = XCConfigurationList;
			buildConfigurations = (
				4085CC4623EF1BF40000FE24 /* Debug */,
				4085CC4723EF1BF40000FE24 /* Release */,
			);
			defaultConfigurationIsVisible = 0;
			defaultConfigurationName = Release;
		};
		4085CC4823EF1BF40000FE24 /* Build configuration list for PBXNativeTarget "GitTest" */ = {
			isa = XCConfigurationList;
			buildConfigurations = (
				4085CC4923EF1BF40000FE24 /* Debug */,
				4085CC4A23EF1BF40000FE24 /* Release */,
			);
			defaultConfigurationIsVisible = 0;
			defaultConfigurationName = Release;
		};
		4085CC4B23EF1BF40000FE24 /* Build configuration list for PBXNativeTarget "GitTestTests" */ = {
			isa = XCConfigurationList;
			buildConfigurations = (
				4085CC4C23EF1BF40000FE24 /* Debug */,
				4085CC4D23EF1BF40000FE24 /* Release */,
			);
			defaultConfigurationIsVisible = 0;
			defaultConfigurationName = Release;
		};
		4085CC4E23EF1BF40000FE24 /* Build configuration list for PBXNativeTarget "GitTestUITests" */ = {
			isa = XCConfigurationList;
			buildConfigurations = (
				4085CC4F23EF1BF40000FE24 /* Debug */,
				4085CC5023EF1BF40000FE24 /* Release */,
			);
			defaultConfigurationIsVisible = 0;
			defaultConfigurationName = Release;
		};
/* End XCConfigurationList section */

/* Begin XCVersionGroup section */
		4085CC2723EF1BF10000FE24 /* GitTest.xcdatamodeld */ = {
			isa = XCVersionGroup;
			children = (
				4085CC2823EF1BF10000FE24 /* GitTest.xcdatamodel */,
			);
			currentVersion = 4085CC2823EF1BF10000FE24 /* GitTest.xcdatamodel */;
			path = GitTest.xcdatamodeld;
			sourceTree = "<group>";
			versionGroupType = wrapper.xcdatamodel;
		};
/* End XCVersionGroup section */
	};
	rootObject = 4085CC1323EF1BF10000FE24 /* Project object */;
}
